
Microsoft Visual Studio Solution File, Format Version 12.00
# Visual Studio Version 17
VisualStudioVersion = 17.9.34622.214
MinimumVisualStudioVersion = 10.0.40219.1
Project("{9A19103F-16F7-4668-BE54-9A1E7A4F7556}") = "OpenApiModelDocs", "OpenApiModelDocs\OpenApiModelDocs.csproj", "{BEA4FCC2-2F63-4CEA-B604-810E86F8FBD8}"
EndProject
Project("{FAE04EC0-301F-11D3-BF4B-00C04F79EFBC}") = "OpenApiModelDocs.Models", "OpenApiModelDocs.Models\OpenApiModelDocs.Models.csproj", "{0B732213-6B89-40B8-81C5-A49D089D2BDC}"
EndProject
Global
	GlobalSection(SolutionConfigurationPlatforms) = preSolution
		Debug|Any CPU = Debug|Any CPU
		Release|Any CPU = Release|Any CPU
	EndGlobalSection
	GlobalSection(ProjectConfigurationPlatforms) = postSolution
		{BEA4FCC2-2F63-4CEA-B604-810E86F8FBD8}.Debug|Any CPU.ActiveCfg = Debug|Any CPU
		{BEA4FCC2-2F63-4CEA-B604-810E86F8FBD8}.Debug|Any CPU.Build.0 = Debug|Any CPU
		{BEA4FCC2-2F63-4CEA-B604-810E86F8FBD8}.Release|Any CPU.ActiveCfg = Release|Any CPU
		{BEA4FCC2-2F63-4CEA-B604-810E86F8FBD8}.Release|Any CPU.Build.0 = Release|Any CPU
		{0B732213-6B89-40B8-81C5-A49D089D2BDC}.Debug|Any CPU.ActiveCfg = Debug|Any CPU
		{0B732213-6B89-40B8-81C5-A49D089D2BDC}.Debug|Any CPU.Build.0 = Debug|Any CPU
		{0B732213-6B89-40B8-81C5-A49D089D2BDC}.Release|Any CPU.ActiveCfg = Release|Any CPU
		{0B732213-6B89-40B8-81C5-A49D089D2BDC}.Release|Any CPU.Build.0 = Release|Any CPU
	EndGlobalSection
	GlobalSection(SolutionProperties) = preSolution
		HideSolutionNode = FALSE
	EndGlobalSection
	GlobalSection(ExtensibilityGlobals) = postSolution
		SolutionGuid = {D020BB94-C7F9-401B-9C2C-F8E0DC80E64B}
	EndGlobalSection
EndGlobal
